// !$*UTF8*$!
{
	archiveVersion = 1;
	classes = {
	};
	objectVersion = 46;
	objects = {

/* Begin PBXBuildFile section */
		B5200B131F401D7A00B876F2 /* main.cpp in Sources */ = {isa = PBXBuildFile; fileRef = B5200B121F401D7A00B876F2 /* main.cpp */; };
		B5FAE9E31F427E1D00545114 /* dijstra_algorithm.cpp in Sources */ = {isa = PBXBuildFile; fileRef = B5FAE9E11F427E1D00545114 /* dijstra_algorithm.cpp */; };
		B5FAE9E51F4282C300545114 /* BellmanDell.cpp in Sources */ = {isa = PBXBuildFile; fileRef = B5FAE9E41F4282C300545114 /* BellmanDell.cpp */; };
/* End PBXBuildFile section */

/* Begin PBXCopyFilesBuildPhase section */
		B5200B0D1F401D7A00B876F2 /* CopyFiles */ = {
			isa = PBXCopyFilesBuildPhase;
			buildActionMask = 2147483647;
			dstPath = /usr/share/man/man1/;
			dstSubfolderSpec = 0;
			files = (
			);
			runOnlyForDeploymentPostprocessing = 1;
		};
/* End PBXCopyFilesBuildPhase section */

/* Begin PBXFileReference section */
		B5200B0F1F401D7A00B876F2 /* SourceCode_Algorithm */ = {isa = PBXFileReference; explicitFileType = "compiled.mach-o.executable"; includeInIndex = 0; path = SourceCode_Algorithm; sourceTree = BUILT_PRODUCTS_DIR; };
		B5200B121F401D7A00B876F2 /* main.cpp */ = {isa = PBXFileReference; lastKnownFileType = sourcecode.cpp.cpp; path = main.cpp; sourceTree = "<group>"; };
		B59105A01F40267900DCB0B9 /* BellmanDell.h */ = {isa = PBXFileReference; lastKnownFileType = sourcecode.c.h; path = BellmanDell.h; sourceTree = "<group>"; };
		B5FAE9E11F427E1D00545114 /* dijstra_algorithm.cpp */ = {isa = PBXFileReference; fileEncoding = 4; lastKnownFileType = sourcecode.cpp.cpp; path = dijstra_algorithm.cpp; sourceTree = "<group>"; };
		B5FAE9E21F427E1D00545114 /* dijstra_algorithm.hpp */ = {isa = PBXFileReference; fileEncoding = 4; lastKnownFileType = sourcecode.cpp.h; path = dijstra_algorithm.hpp; sourceTree = "<group>"; };
		B5FAE9E41F4282C300545114 /* BellmanDell.cpp */ = {isa = PBXFileReference; fileEncoding = 4; lastKnownFileType = sourcecode.cpp.cpp; path = BellmanDell.cpp; sourceTree = "<group>"; };
/* End PBXFileReference section */

/* Begin PBXFrameworksBuildPhase section */
		B5200B0C1F401D7A00B876F2 /* Frameworks */ = {
			isa = PBXFrameworksBuildPhase;
			buildActionMask = 2147483647;
			files = (
			);
			runOnlyForDeploymentPostprocessing = 0;
		};
/* End PBXFrameworksBuildPhase section */

/* Begin PBXGroup section */
		B5200B061F401D7A00B876F2 = {
			isa = PBXGroup;
			children = (
				B5200B111F401D7A00B876F2 /* SourceCode_Algorithm */,
				B5200B101F401D7A00B876F2 /* Products */,
			);
			sourceTree = "<group>";
		};
		B5200B101F401D7A00B876F2 /* Products */ = {
			isa = PBXGroup;
			children = (
				B5200B0F1F401D7A00B876F2 /* SourceCode_Algorithm */,
			);
			name = Products;
			sourceTree = "<group>";
		};
		B5200B111F401D7A00B876F2 /* SourceCode_Algorithm */ = {
			isa = PBXGroup;
			children = (
				B5200B121F401D7A00B876F2 /* main.cpp */,
				B5FAE9E11F427E1D00545114 /* dijstra_algorithm.cpp */,
				B5FAE9E21F427E1D00545114 /* dijstra_algorithm.hpp */,
				B59105A01F40267900DCB0B9 /* BellmanDell.h */,
				B5FAE9E41F4282C300545114 /* BellmanDell.cpp */,
			);
			path = SourceCode_Algorithm;
			sourceTree = "<group>";
		};
/* End PBXGroup section */

/* Begin PBXNativeTarget section */
		B5200B0E1F401D7A00B876F2 /* SourceCode_Algorithm */ = {
			isa = PBXNativeTarget;
			buildConfigurationList = B5200B161F401D7B00B876F2 /* Build configuration list for PBXNativeTarget "SourceCode_Algorithm" */;
			buildPhases = (
				B5200B0B1F401D7A00B876F2 /* Sources */,
				B5200B0C1F401D7A00B876F2 /* Frameworks */,
				B5200B0D1F401D7A00B876F2 /* CopyFiles */,
			);
			buildRules = (
			);
			dependencies = (
			);
			name = SourceCode_Algorithm;
			productName = SourceCode_Algorithm;
			productReference = B5200B0F1F401D7A00B876F2 /* SourceCode_Algorithm */;
			productType = "com.apple.product-type.tool";
		};
/* End PBXNativeTarget section */

/* Begin PBXProject section */
		B5200B071F401D7A00B876F2 /* Project object */ = {
			isa = PBXProject;
			attributes = {
				LastUpgradeCheck = 0830;
				ORGANIZATIONNAME = FrankLiu;
				TargetAttributes = {
					B5200B0E1F401D7A00B876F2 = {
						CreatedOnToolsVersion = 8.3.3;
						ProvisioningStyle = Automatic;
					};
				};
			};
			buildConfigurationList = B5200B0A1F401D7A00B876F2 /* Build configuration list for PBXProject "SourceCode_Algorithm" */;
			compatibilityVersion = "Xcode 3.2";
			developmentRegion = English;
			hasScannedForEncodings = 0;
			knownRegions = (
				en,
			);
			mainGroup = B5200B061F401D7A00B876F2;
			productRefGroup = B5200B101F401D7A00B876F2 /* Products */;
			projectDirPath = "";
			projectRoot = "";
			targets = (
				B5200B0E1F401D7A00B876F2 /* SourceCode_Algorithm */,
			);
		};
/* End PBXProject section */

/* Begin PBXSourcesBuildPhase section */
		B5200B0B1F401D7A00B876F2 /* Sources */ = {
			isa = PBXSourcesBuildPhase;
			buildActionMask = 2147483647;
			files = (
				B5200B131F401D7A00B876F2 /* main.cpp in Sources */,
				B5FAE9E31F427E1D00545114 /* dijstra_algorithm.cpp in Sources */,
				B5FAE9E51F4282C300545114 /* BellmanDell.cpp in Sources */,
			);
			runOnlyForDeploymentPostprocessing = 0;
		};
/* End PBXSourcesBuildPhase section */

/* Begin XCBuildConfiguration section */
		B5200B141F401D7B00B876F2 /* Debug */ = {
			isa = XCBuildConfiguration;
			buildSettings = {
				ALWAYS_SEARCH_USER_PATHS = NO;
				CLANG_ANALYZER_NONNULL = YES;
				CLANG_ANALYZER_NUMBER_OBJECT_CONVERSION = YES_AGGRESSIVE;
				CLANG_CXX_LANGUAGE_STANDARD = "gnu++0x";
				CLANG_CXX_LIBRARY = "libc++";
				CLANG_ENABLE_MODULES = YES;
				CLANG_ENABLE_OBJC_ARC = YES;
				CLANG_WARN_BOOL_CONVERSION = YES;
				CLANG_WARN_CONSTANT_CONVERSION = YES;
				CLANG_WARN_DIRECT_OBJC_ISA_USAGE = YES_ERROR;
				CLANG_WARN_DOCUMENTATION_COMMENTS = YES;
				CLANG_WARN_EMPTY_BODY = YES;
				CLANG_WARN_ENUM_CONVERSION = YES;
				CLANG_WARN_INFINITE_RECURSION = YES;
				CLANG_WARN_INT_CONVERSION = YES;
				CLANG_WARN_OBJC_ROOT_CLASS = YES_ERROR;
				CLANG_WARN_SUSPICIOUS_MOVE = YES;
				CLANG_WARN_UNREACHABLE_CODE = YES;
				CLANG_WARN__DUPLICATE_METHOD_MATCH = YES;
				CODE_SIGN_IDENTITY = "-";
				COPY_PHASE_STRIP = NO;
				DEBUG_INFORMATION_FORMAT = dwarf;
				ENABLE_STRICT_OBJC_MSGSEND = YES;
				ENABLE_TESTABILITY = YES;
				GCC_C_LANGUAGE_STANDARD = gnu99;
				GCC_DYNAMIC_NO_PIC = NO;
				GCC_NO_COMMON_BLOCKS = YES;
				GCC_OPTIMIZATION_LEVEL = 0;
				GCC_PREPROCESSOR_DEFINITIONS = (
					"DEBUG=1",
					"$(inherited)",
				);
				GCC_WARN_64_TO_32_BIT_CONVERSION = YES;
				GCC_WARN_ABOUT_RETURN_TYPE = YES_ERROR;
				GCC_WARN_UNDECLARED_SELECTOR = YES;
				GCC_WARN_UNINITIALIZED_AUTOS = YES_AGGRESSIVE;
				GCC_WARN_UNUSED_FUNCTION = YES;
				GCC_WARN_UNUSED_VARIABLE = YES;
				MACOSX_DEPLOYMENT_TARGET = 10.12;
				MTL_ENABLE_DEBUG_INFO = YES;
				ONLY_ACTIVE_ARCH = YES;
				SDKROOT = macosx;
			};
			name = Debug;
		};
		B5200B151F401D7B00B876F2 /* Release */ = {
			isa = XCBuildConfiguration;
			buildSettings = {
				ALWAYS_SEARCH_USER_PATHS = NO;
				CLANG_ANALYZER_NONNULL = YES;
				CLANG_ANALYZER_NUMBER_OBJECT_CONVERSION = YES_AGGRESSIVE;
				CLANG_CXX_LANGUAGE_STANDARD = "gnu++0x";
				CLANG_CXX_LIBRARY = "libc++";
				CLANG_ENABLE_MODULES = YES;
				CLANG_ENABLE_OBJC_ARC = YES;
				CLANG_WARN_BOOL_CONVERSION = YES;
				CLANG_WARN_CONSTANT_CONVERSION = YES;
				CLANG_WARN_DIRECT_OBJC_ISA_USAGE = YES_ERROR;
				CLANG_WARN_DOCUMENTATION_COMMENTS = YES;
				CLANG_WARN_EMPTY_BODY = YES;
				CLANG_WARN_ENUM_CONVERSION = YES;
				CLANG_WARN_INFINITE_RECURSION = YES;
				CLANG_WARN_INT_CONVERSION = YES;
				CLANG_WARN_OBJC_ROOT_CLASS = YES_ERROR;
				CLANG_WARN_SUSPICIOUS_MOVE = YES;
				CLANG_WARN_UNREACHABLE_CODE = YES;
				CLANG_WARN__DUPLICATE_METHOD_MATCH = YES;
				CODE_SIGN_IDENTITY = "-";
				COPY_PHASE_STRIP = NO;
				DEBUG_INFORMATION_FORMAT = "dwarf-with-dsym";
				ENABLE_NS_ASSERTIONS = NO;
				ENABLE_STRICT_OBJC_MSGSEND = YES;
				GCC_C_LANGUAGE_STANDARD = gnu99;
				GCC_NO_COMMON_BLOCKS = YES;
				GCC_WARN_64_TO_32_BIT_CONVERSION = YES;
				GCC_WARN_ABOUT_RETURN_TYPE = YES_ERROR;
				GCC_WARN_UNDECLARED_SELECTOR = YES;
				GCC_WARN_UNINITIALIZED_AUTOS = YES_AGGRESSIVE;
				GCC_WARN_UNUSED_FUNCTION = YES;
				GCC_WARN_UNUSED_VARIABLE = YES;
				MACOSX_DEPLOYMENT_TARGET = 10.12;
				MTL_ENABLE_DEBUG_INFO = NO;
				SDKROOT = macosx;
			};
			name = Release;
		};
		B5200B171F401D7B00B876F2 /* Debug */ = {
			isa = XCBuildConfiguration;
			buildSettings = {
				PRODUCT_NAME = "$(TARGET_NAME)";
			};
			name = Debug;
		};
		B5200B181F401D7B00B876F2 /* Release */ = {
			isa = XCBuildConfiguration;
			buildSettings = {
				PRODUCT_NAME = "$(TARGET_NAME)";
			};
			name = Release;
		};
/* End XCBuildConfiguration section */

/* Begin XCConfigurationList section */
		B5200B0A1F401D7A00B876F2 /* Build configuration list for PBXProject "SourceCode_Algorithm" */ = {
			isa = XCConfigurationList;
			buildConfigurations = (
				B5200B141F401D7B00B876F2 /* Debug */,
				B5200B151F401D7B00B876F2 /* Release */,
			);
			defaultConfigurationIsVisible = 0;
			defaultConfigurationName = Release;
		};
		B5200B161F401D7B00B876F2 /* Build configuration list for PBXNativeTarget "SourceCode_Algorithm" */ = {
			isa = XCConfigurationList;
			buildConfigurations = (
				B5200B171F401D7B00B876F2 /* Debug */,
				B5200B181F401D7B00B876F2 /* Release */,
			);
			defaultConfigurationIsVisible = 0;
			defaultConfigurationName = Release;
		};
/* End XCConfigurationList section */
	};
	rootObject = B5200B071F401D7A00B876F2 /* Project object */;
}
